
Microsoft Visual Studio Solution File, Format Version 12.00
# Visual Studio Version 16
VisualStudioVersion = 16.0.29709.97
MinimumVisualStudioVersion = 10.0.40219.1
Project("{888888A0-9F3D-457C-B088-3A5042F75D52}") = "NofarFinalProject", "NofarFinalProject\NofarFinalProject.pyproj", "{201A30CC-661D-4115-BED7-0B24E69A3BE5}"
EndProject
Global
	GlobalSection(SolutionConfigurationPlatforms) = preSolution
		Debug|Any CPU = Debug|Any CPU
		Release|Any CPU = Release|Any CPU
	EndGlobalSection
	GlobalSection(ProjectConfigurationPlatforms) = postSolution
		{201A30CC-661D-4115-BED7-0B24E69A3BE5}.Debug|Any CPU.ActiveCfg = Debug|Any CPU
		{201A30CC-661D-4115-BED7-0B24E69A3BE5}.Debug|Any CPU.Build.0 = Debug|Any CPU
		{201A30CC-661D-4115-BED7-0B24E69A3BE5}.Release|Any CPU.ActiveCfg = Release|Any CPU
		{201A30CC-661D-4115-BED7-0B24E69A3BE5}.Release|Any CPU.Build.0 = Release|Any CPU
	EndGlobalSection
	GlobalSection(SolutionProperties) = preSolution
		HideSolutionNode = FALSE
	EndGlobalSection
	GlobalSection(ExtensibilityGlobals) = postSolution
		SolutionGuid = {8A533C30-8201-434F-BD7C-6BA6225E4ED2}
	EndGlobalSection
EndGlobal
